
Microsoft Visual Studio Solution File, Format Version 12.00
# Visual Studio Version 17
VisualStudioVersion = 17.3.32825.248
MinimumVisualStudioVersion = 10.0.40219.1
Project("{FAE04EC0-301F-11D3-BF4B-00C04F79EFBC}") = "CA220930", "CA220930.csproj", "{145DE7F4-E5A1-47A5-9A3F-89CE468D99B9}"
EndProject
Global
	GlobalSection(SolutionConfigurationPlatforms) = preSolution
		Debug|Any CPU = Debug|Any CPU
		Release|Any CPU = Release|Any CPU
	EndGlobalSection
	GlobalSection(ProjectConfigurationPlatforms) = postSolution
		{145DE7F4-E5A1-47A5-9A3F-89CE468D99B9}.Debug|Any CPU.ActiveCfg = Debug|Any CPU
		{145DE7F4-E5A1-47A5-9A3F-89CE468D99B9}.Debug|Any CPU.Build.0 = Debug|Any CPU
		{145DE7F4-E5A1-47A5-9A3F-89CE468D99B9}.Release|Any CPU.ActiveCfg = Release|Any CPU
		{145DE7F4-E5A1-47A5-9A3F-89CE468D99B9}.Release|Any CPU.Build.0 = Release|Any CPU
	EndGlobalSection
	GlobalSection(SolutionProperties) = preSolution
		HideSolutionNode = FALSE
	EndGlobalSection
	GlobalSection(ExtensibilityGlobals) = postSolution
		SolutionGuid = {A0114036-BEC0-4ACB-A1B1-1433067381ED}
	EndGlobalSection
EndGlobal
